
Microsoft Visual Studio Solution File, Format Version 12.00
# Visual Studio 15
VisualStudioVersion = 15.0.27428.2002
MinimumVisualStudioVersion = 10.0.40219.1
Project("{8BC9CEB8-8B4A-11D0-8D11-00A0C91BC942}") = "StringList_1", "StringList_1\StringList_1.vcxproj", "{0EFCFC8A-07BD-4BA3-9D88-90DFD26EF14B}"
EndProject
Global
	GlobalSection(SolutionConfigurationPlatforms) = preSolution
		Debug|x64 = Debug|x64
		Debug|x86 = Debug|x86
		Release|x64 = Release|x64
		Release|x86 = Release|x86
	EndGlobalSection
	GlobalSection(ProjectConfigurationPlatforms) = postSolution
		{0EFCFC8A-07BD-4BA3-9D88-90DFD26EF14B}.Debug|x64.ActiveCfg = Debug|x64
		{0EFCFC8A-07BD-4BA3-9D88-90DFD26EF14B}.Debug|x64.Build.0 = Debug|x64
		{0EFCFC8A-07BD-4BA3-9D88-90DFD26EF14B}.Debug|x86.ActiveCfg = Debug|Win32
		{0EFCFC8A-07BD-4BA3-9D88-90DFD26EF14B}.Debug|x86.Build.0 = Debug|Win32
		{0EFCFC8A-07BD-4BA3-9D88-90DFD26EF14B}.Release|x64.ActiveCfg = Release|x64
		{0EFCFC8A-07BD-4BA3-9D88-90DFD26EF14B}.Release|x64.Build.0 = Release|x64
		{0EFCFC8A-07BD-4BA3-9D88-90DFD26EF14B}.Release|x86.ActiveCfg = Release|Win32
		{0EFCFC8A-07BD-4BA3-9D88-90DFD26EF14B}.Release|x86.Build.0 = Release|Win32
	EndGlobalSection
	GlobalSection(SolutionProperties) = preSolution
		HideSolutionNode = FALSE
	EndGlobalSection
	GlobalSection(ExtensibilityGlobals) = postSolution
		SolutionGuid = {4B61B796-13FE-4773-AED7-0F4027E70F47}
	EndGlobalSection
EndGlobal
